
Microsoft Visual Studio Solution File, Format Version 10.00
# Visual Studio 2008
Project("{F184B08F-C81C-45F6-A57F-5ABD9991F28F}") = "WindowsApplication8", "WindowsApplication8\WindowsApplication8.vbproj", "{534E7447-DDEA-4F7E-BD4A-1C81F4FC0E40}"
EndProject
Global
	GlobalSection(SolutionConfigurationPlatforms) = preSolution
		Debug|Any CPU = Debug|Any CPU
		Release|Any CPU = Release|Any CPU
	EndGlobalSection
	GlobalSection(ProjectConfigurationPlatforms) = postSolution
		{534E7447-DDEA-4F7E-BD4A-1C81F4FC0E40}.Debug|Any CPU.ActiveCfg = Debug|Any CPU
		{534E7447-DDEA-4F7E-BD4A-1C81F4FC0E40}.Debug|Any CPU.Build.0 = Debug|Any CPU
		{534E7447-DDEA-4F7E-BD4A-1C81F4FC0E40}.Release|Any CPU.ActiveCfg = Release|Any CPU
		{534E7447-DDEA-4F7E-BD4A-1C81F4FC0E40}.Release|Any CPU.Build.0 = Release|Any CPU
	EndGlobalSection
	GlobalSection(SolutionProperties) = preSolution
		HideSolutionNode = FALSE
	EndGlobalSection
EndGlobal
